
Microsoft Visual Studio Solution File, Format Version 12.00
# Visual Studio Version 16
VisualStudioVersion = 16.0.31005.135
MinimumVisualStudioVersion = 10.0.40219.1
Project("{FAE04EC0-301F-11D3-BF4B-00C04F79EFBC}") = "ConsoleApp1", "ConsoleApp1\ConsoleApp1.csproj", "{5B742C2C-E451-4BE9-8BE5-44FCEB628968}"
EndProject
Project("{FAE04EC0-301F-11D3-BF4B-00C04F79EFBC}") = "ConsoleApp2", "ConsoleApp2\ConsoleApp2.csproj", "{3F43B968-E3A1-4AFE-90BC-C567A9EB6816}"
EndProject
Project("{FAE04EC0-301F-11D3-BF4B-00C04F79EFBC}") = "Day2ArrayDemo", "Day2ArrayDemo\Day2ArrayDemo.csproj", "{F20A63C2-02A2-4C1D-B60C-8893474CAB9D}"
EndProject
Project("{FAE04EC0-301F-11D3-BF4B-00C04F79EFBC}") = "Enum", "ConsoleApp3\Enum.csproj", "{5782FDB1-0D7C-4F11-9506-09019FDFF893}"
EndProject
Project("{FAE04EC0-301F-11D3-BF4B-00C04F79EFBC}") = "QS12_Solve", "QS12_Solve\QS12_Solve.csproj", "{22DAF70E-D05A-42B5-BE15-D1A75AD37FB1}"
EndProject
Project("{FAE04EC0-301F-11D3-BF4B-00C04F79EFBC}") = "Fibonacci", "Fibonacci\Fibonacci.csproj", "{9C4CD04D-255F-407E-BF73-700E893D387D}"
EndProject
Project("{FAE04EC0-301F-11D3-BF4B-00C04F79EFBC}") = "unitCalc", "unitCalc\unitCalc.csproj", "{C20D9096-64F8-47CB-8948-993F96E72922}"
EndProject
Project("{FAE04EC0-301F-11D3-BF4B-00C04F79EFBC}") = "Percentage", "Percentage\Percentage.csproj", "{C055FF2A-71C6-49A1-979F-A63000559138}"
EndProject
Project("{FAE04EC0-301F-11D3-BF4B-00C04F79EFBC}") = "Employee", "Employee\Employee.csproj", "{62E5A792-6A78-4722-9437-26819514DE61}"
EndProject
Project("{FAE04EC0-301F-11D3-BF4B-00C04F79EFBC}") = "EmpLib", "EmpLib\EmpLib.csproj", "{2A2A5225-460D-4F87-ACD4-694CAB540E16}"
EndProject
Project("{FAE04EC0-301F-11D3-BF4B-00C04F79EFBC}") = "Structure", "Structure\Structure.csproj", "{B095E750-9C89-445D-95C9-E7E4E5B9CE21}"
EndProject
Project("{FAE04EC0-301F-11D3-BF4B-00C04F79EFBC}") = "All_Types_Arrays", "All_Types_Arrays\All_Types_Arrays.csproj", "{A7D4DCEE-D715-49A4-99D6-1EF924B18FD1}"
EndProject
Project("{FAE04EC0-301F-11D3-BF4B-00C04F79EFBC}") = "QS16_Solution", "QS16_Solution\QS16_Solution.csproj", "{C1256FE3-EA03-4EB9-8EEC-C4E62193109D}"
EndProject
Project("{FAE04EC0-301F-11D3-BF4B-00C04F79EFBC}") = "Day3OutRef", "Day3OutRef\Day3OutRef.csproj", "{4B03E012-67F2-4F0A-B9E9-6323F6F55FDF}"
EndProject
Project("{FAE04EC0-301F-11D3-BF4B-00C04F79EFBC}") = "Day3ConstAndReadonly", "Day3ConstAndReadonly\Day3ConstAndReadonly.csproj", "{5F88E3A2-E676-497C-944E-55B2787DA9BD}"
EndProject
Project("{FAE04EC0-301F-11D3-BF4B-00C04F79EFBC}") = "Day3Static", "Day3Static\Day3Static.csproj", "{59FD6B52-BD48-41D1-80AE-B83C4B01023D}"
EndProject
Project("{FAE04EC0-301F-11D3-BF4B-00C04F79EFBC}") = "QS17_Solution", "QS17_Solution\QS17_Solution.csproj", "{12576FBF-1D14-4393-A44C-6C17CD4AB732}"
EndProject
Project("{FAE04EC0-301F-11D3-BF4B-00C04F79EFBC}") = "QS19_Solution", "QS19_Solution\QS19_Solution.csproj", "{426EC2F0-912F-4E54-8903-978F627C1DA5}"
EndProject
Project("{FAE04EC0-301F-11D3-BF4B-00C04F79EFBC}") = "QS20_Solution", "ConsoleApp4\QS20_Solution.csproj", "{94607462-A62C-4EB1-867D-26495CB5FB63}"
EndProject
Project("{FAE04EC0-301F-11D3-BF4B-00C04F79EFBC}") = "QS18_Solution", "QS18_Solution\QS18_Solution.csproj", "{E7AC5BE7-C9B9-4F95-8F64-B5DED408892F}"
EndProject
Project("{FAE04EC0-301F-11D3-BF4B-00C04F79EFBC}") = "Assignment2_QS4.2", "Assignment2_QS4.2\Assignment2_QS4.2.csproj", "{B8E4D7D3-B093-48CD-B9F7-AC256E997EF7}"
EndProject
Project("{FAE04EC0-301F-11D3-BF4B-00C04F79EFBC}") = "Day6_AllTopics", "Day6_AllTopics\Day6_AllTopics.csproj", "{936DEAAE-94B0-45B6-ADEF-84648C2D9AF4}"
EndProject
Project("{FAE04EC0-301F-11D3-BF4B-00C04F79EFBC}") = "GlobalAssemblyLib", "GlobalAssemblyLib\GlobalAssemblyLib.csproj", "{2ED1929C-ED97-4CD2-B49E-C208E9BFBC0C}"
EndProject
Project("{FAE04EC0-301F-11D3-BF4B-00C04F79EFBC}") = "QS25_Solution", "QS25_Solution\QS25_Solution.csproj", "{D7900801-A762-4878-ADC2-077C4816DDA2}"
EndProject
Project("{FAE04EC0-301F-11D3-BF4B-00C04F79EFBC}") = "QS26_Solution", "QS26_Solution\QS26_Solution.csproj", "{835441CD-5170-4E57-987E-7EA097B772DF}"
EndProject
Project("{FAE04EC0-301F-11D3-BF4B-00C04F79EFBC}") = "QS28_Solution", "QS28_Solution\QS28_Solution.csproj", "{F87A69A9-69E2-4831-810B-4C96868584A4}"
EndProject
Project("{FAE04EC0-301F-11D3-BF4B-00C04F79EFBC}") = "FileOperation", "FileOperation\FileOperation.csproj", "{36D7F92E-98C2-4920-B55B-2B680F45F3CF}"
EndProject
Project("{FAE04EC0-301F-11D3-BF4B-00C04F79EFBC}") = "Assignment2_QS_4.4", "Assignment2_QS_4.4\Assignment2_QS_4.4.csproj", "{38CD42BD-9347-44DC-B36B-1BDA5EE0A81A}"
EndProject
Project("{FAE04EC0-301F-11D3-BF4B-00C04F79EFBC}") = "PracticeCollection1", "PracticeCollection1\PracticeCollection1.csproj", "{AD8FF91A-691D-4C07-BB1A-0F00D5D97F7B}"
EndProject
Project("{FAE04EC0-301F-11D3-BF4B-00C04F79EFBC}") = "RegularExpression", "RegularExpression\RegularExpression.csproj", "{0CF1AAE0-CE38-4B12-9C6A-107A2513C102}"
EndProject
Project("{FAE04EC0-301F-11D3-BF4B-00C04F79EFBC}") = "QS21_Solution", "QS21_Solution\QS21_Solution.csproj", "{8F518D0E-9027-4DE7-AB7C-49FE2977264A}"
EndProject
Global
	GlobalSection(SolutionConfigurationPlatforms) = preSolution
		Debug|Any CPU = Debug|Any CPU
		Release|Any CPU = Release|Any CPU
	EndGlobalSection
	GlobalSection(ProjectConfigurationPlatforms) = postSolution
		{5B742C2C-E451-4BE9-8BE5-44FCEB628968}.Debug|Any CPU.ActiveCfg = Debug|Any CPU
		{5B742C2C-E451-4BE9-8BE5-44FCEB628968}.Debug|Any CPU.Build.0 = Debug|Any CPU
		{5B742C2C-E451-4BE9-8BE5-44FCEB628968}.Release|Any CPU.ActiveCfg = Release|Any CPU
		{5B742C2C-E451-4BE9-8BE5-44FCEB628968}.Release|Any CPU.Build.0 = Release|Any CPU
		{3F43B968-E3A1-4AFE-90BC-C567A9EB6816}.Debug|Any CPU.ActiveCfg = Debug|Any CPU
		{3F43B968-E3A1-4AFE-90BC-C567A9EB6816}.Debug|Any CPU.Build.0 = Debug|Any CPU
		{3F43B968-E3A1-4AFE-90BC-C567A9EB6816}.Release|Any CPU.ActiveCfg = Release|Any CPU
		{3F43B968-E3A1-4AFE-90BC-C567A9EB6816}.Release|Any CPU.Build.0 = Release|Any CPU
		{F20A63C2-02A2-4C1D-B60C-8893474CAB9D}.Debug|Any CPU.ActiveCfg = Debug|Any CPU
		{F20A63C2-02A2-4C1D-B60C-8893474CAB9D}.Debug|Any CPU.Build.0 = Debug|Any CPU
		{F20A63C2-02A2-4C1D-B60C-8893474CAB9D}.Release|Any CPU.ActiveCfg = Release|Any CPU
		{F20A63C2-02A2-4C1D-B60C-8893474CAB9D}.Release|Any CPU.Build.0 = Release|Any CPU
		{5782FDB1-0D7C-4F11-9506-09019FDFF893}.Debug|Any CPU.ActiveCfg = Debug|Any CPU
		{5782FDB1-0D7C-4F11-9506-09019FDFF893}.Debug|Any CPU.Build.0 = Debug|Any CPU
		{5782FDB1-0D7C-4F11-9506-09019FDFF893}.Release|Any CPU.ActiveCfg = Release|Any CPU
		{5782FDB1-0D7C-4F11-9506-09019FDFF893}.Release|Any CPU.Build.0 = Release|Any CPU
		{22DAF70E-D05A-42B5-BE15-D1A75AD37FB1}.Debug|Any CPU.ActiveCfg = Debug|Any CPU
		{22DAF70E-D05A-42B5-BE15-D1A75AD37FB1}.Debug|Any CPU.Build.0 = Debug|Any CPU
		{22DAF70E-D05A-42B5-BE15-D1A75AD37FB1}.Release|Any CPU.ActiveCfg = Release|Any CPU
		{22DAF70E-D05A-42B5-BE15-D1A75AD37FB1}.Release|Any CPU.Build.0 = Release|Any CPU
		{9C4CD04D-255F-407E-BF73-700E893D387D}.Debug|Any CPU.ActiveCfg = Debug|Any CPU
		{9C4CD04D-255F-407E-BF73-700E893D387D}.Debug|Any CPU.Build.0 = Debug|Any CPU
		{9C4CD04D-255F-407E-BF73-700E893D387D}.Release|Any CPU.ActiveCfg = Release|Any CPU
		{9C4CD04D-255F-407E-BF73-700E893D387D}.Release|Any CPU.Build.0 = Release|Any CPU
		{C20D9096-64F8-47CB-8948-993F96E72922}.Debug|Any CPU.ActiveCfg = Debug|Any CPU
		{C20D9096-64F8-47CB-8948-993F96E72922}.Debug|Any CPU.Build.0 = Debug|Any CPU
		{C20D9096-64F8-47CB-8948-993F96E72922}.Release|Any CPU.ActiveCfg = Release|Any CPU
		{C20D9096-64F8-47CB-8948-993F96E72922}.Release|Any CPU.Build.0 = Release|Any CPU
		{C055FF2A-71C6-49A1-979F-A63000559138}.Debug|Any CPU.ActiveCfg = Debug|Any CPU
		{C055FF2A-71C6-49A1-979F-A63000559138}.Debug|Any CPU.Build.0 = Debug|Any CPU
		{C055FF2A-71C6-49A1-979F-A63000559138}.Release|Any CPU.ActiveCfg = Release|Any CPU
		{C055FF2A-71C6-49A1-979F-A63000559138}.Release|Any CPU.Build.0 = Release|Any CPU
		{62E5A792-6A78-4722-9437-26819514DE61}.Debug|Any CPU.ActiveCfg = Debug|Any CPU
		{62E5A792-6A78-4722-9437-26819514DE61}.Debug|Any CPU.Build.0 = Debug|Any CPU
		{62E5A792-6A78-4722-9437-26819514DE61}.Release|Any CPU.ActiveCfg = Release|Any CPU
		{62E5A792-6A78-4722-9437-26819514DE61}.Release|Any CPU.Build.0 = Release|Any CPU
		{2A2A5225-460D-4F87-ACD4-694CAB540E16}.Debug|Any CPU.ActiveCfg = Debug|Any CPU
		{2A2A5225-460D-4F87-ACD4-694CAB540E16}.Debug|Any CPU.Build.0 = Debug|Any CPU
		{2A2A5225-460D-4F87-ACD4-694CAB540E16}.Release|Any CPU.ActiveCfg = Release|Any CPU
		{2A2A5225-460D-4F87-ACD4-694CAB540E16}.Release|Any CPU.Build.0 = Release|Any CPU
		{B095E750-9C89-445D-95C9-E7E4E5B9CE21}.Debug|Any CPU.ActiveCfg = Debug|Any CPU
		{B095E750-9C89-445D-95C9-E7E4E5B9CE21}.Debug|Any CPU.Build.0 = Debug|Any CPU
		{B095E750-9C89-445D-95C9-E7E4E5B9CE21}.Release|Any CPU.ActiveCfg = Release|Any CPU
		{B095E750-9C89-445D-95C9-E7E4E5B9CE21}.Release|Any CPU.Build.0 = Release|Any CPU
		{A7D4DCEE-D715-49A4-99D6-1EF924B18FD1}.Debug|Any CPU.ActiveCfg = Debug|Any CPU
		{A7D4DCEE-D715-49A4-99D6-1EF924B18FD1}.Debug|Any CPU.Build.0 = Debug|Any CPU
		{A7D4DCEE-D715-49A4-99D6-1EF924B18FD1}.Release|Any CPU.ActiveCfg = Release|Any CPU
		{A7D4DCEE-D715-49A4-99D6-1EF924B18FD1}.Release|Any CPU.Build.0 = Release|Any CPU
		{C1256FE3-EA03-4EB9-8EEC-C4E62193109D}.Debug|Any CPU.ActiveCfg = Debug|Any CPU
		{C1256FE3-EA03-4EB9-8EEC-C4E62193109D}.Debug|Any CPU.Build.0 = Debug|Any CPU
		{C1256FE3-EA03-4EB9-8EEC-C4E62193109D}.Release|Any CPU.ActiveCfg = Release|Any CPU
		{C1256FE3-EA03-4EB9-8EEC-C4E62193109D}.Release|Any CPU.Build.0 = Release|Any CPU
		{4B03E012-67F2-4F0A-B9E9-6323F6F55FDF}.Debug|Any CPU.ActiveCfg = Debug|Any CPU
		{4B03E012-67F2-4F0A-B9E9-6323F6F55FDF}.Debug|Any CPU.Build.0 = Debug|Any CPU
		{4B03E012-67F2-4F0A-B9E9-6323F6F55FDF}.Release|Any CPU.ActiveCfg = Release|Any CPU
		{4B03E012-67F2-4F0A-B9E9-6323F6F55FDF}.Release|Any CPU.Build.0 = Release|Any CPU
		{5F88E3A2-E676-497C-944E-55B2787DA9BD}.Debug|Any CPU.ActiveCfg = Debug|Any CPU
		{5F88E3A2-E676-497C-944E-55B2787DA9BD}.Debug|Any CPU.Build.0 = Debug|Any CPU
		{5F88E3A2-E676-497C-944E-55B2787DA9BD}.Release|Any CPU.ActiveCfg = Release|Any CPU
		{5F88E3A2-E676-497C-944E-55B2787DA9BD}.Release|Any CPU.Build.0 = Release|Any CPU
		{59FD6B52-BD48-41D1-80AE-B83C4B01023D}.Debug|Any CPU.ActiveCfg = Debug|Any CPU
		{59FD6B52-BD48-41D1-80AE-B83C4B01023D}.Debug|Any CPU.Build.0 = Debug|Any CPU
		{59FD6B52-BD48-41D1-80AE-B83C4B01023D}.Release|Any CPU.ActiveCfg = Release|Any CPU
		{59FD6B52-BD48-41D1-80AE-B83C4B01023D}.Release|Any CPU.Build.0 = Release|Any CPU
		{12576FBF-1D14-4393-A44C-6C17CD4AB732}.Debug|Any CPU.ActiveCfg = Debug|Any CPU
		{12576FBF-1D14-4393-A44C-6C17CD4AB732}.Debug|Any CPU.Build.0 = Debug|Any CPU
		{12576FBF-1D14-4393-A44C-6C17CD4AB732}.Release|Any CPU.ActiveCfg = Release|Any CPU
		{12576FBF-1D14-4393-A44C-6C17CD4AB732}.Release|Any CPU.Build.0 = Release|Any CPU
		{426EC2F0-912F-4E54-8903-978F627C1DA5}.Debug|Any CPU.ActiveCfg = Debug|Any CPU
		{426EC2F0-912F-4E54-8903-978F627C1DA5}.Debug|Any CPU.Build.0 = Debug|Any CPU
		{426EC2F0-912F-4E54-8903-978F627C1DA5}.Release|Any CPU.ActiveCfg = Release|Any CPU
		{426EC2F0-912F-4E54-8903-978F627C1DA5}.Release|Any CPU.Build.0 = Release|Any CPU
		{94607462-A62C-4EB1-867D-26495CB5FB63}.Debug|Any CPU.ActiveCfg = Debug|Any CPU
		{94607462-A62C-4EB1-867D-26495CB5FB63}.Debug|Any CPU.Build.0 = Debug|Any CPU
		{94607462-A62C-4EB1-867D-26495CB5FB63}.Release|Any CPU.ActiveCfg = Release|Any CPU
		{94607462-A62C-4EB1-867D-26495CB5FB63}.Release|Any CPU.Build.0 = Release|Any CPU
		{E7AC5BE7-C9B9-4F95-8F64-B5DED408892F}.Debug|Any CPU.ActiveCfg = Debug|Any CPU
		{E7AC5BE7-C9B9-4F95-8F64-B5DED408892F}.Debug|Any CPU.Build.0 = Debug|Any CPU
		{E7AC5BE7-C9B9-4F95-8F64-B5DED408892F}.Release|Any CPU.ActiveCfg = Release|Any CPU
		{E7AC5BE7-C9B9-4F95-8F64-B5DED408892F}.Release|Any CPU.Build.0 = Release|Any CPU
		{B8E4D7D3-B093-48CD-B9F7-AC256E997EF7}.Debug|Any CPU.ActiveCfg = Debug|Any CPU
		{B8E4D7D3-B093-48CD-B9F7-AC256E997EF7}.Debug|Any CPU.Build.0 = Debug|Any CPU
		{B8E4D7D3-B093-48CD-B9F7-AC256E997EF7}.Release|Any CPU.ActiveCfg = Release|Any CPU
		{B8E4D7D3-B093-48CD-B9F7-AC256E997EF7}.Release|Any CPU.Build.0 = Release|Any CPU
		{936DEAAE-94B0-45B6-ADEF-84648C2D9AF4}.Debug|Any CPU.ActiveCfg = Debug|Any CPU
		{936DEAAE-94B0-45B6-ADEF-84648C2D9AF4}.Debug|Any CPU.Build.0 = Debug|Any CPU
		{936DEAAE-94B0-45B6-ADEF-84648C2D9AF4}.Release|Any CPU.ActiveCfg = Release|Any CPU
		{936DEAAE-94B0-45B6-ADEF-84648C2D9AF4}.Release|Any CPU.Build.0 = Release|Any CPU
		{2ED1929C-ED97-4CD2-B49E-C208E9BFBC0C}.Debug|Any CPU.ActiveCfg = Debug|Any CPU
		{2ED1929C-ED97-4CD2-B49E-C208E9BFBC0C}.Debug|Any CPU.Build.0 = Debug|Any CPU
		{2ED1929C-ED97-4CD2-B49E-C208E9BFBC0C}.Release|Any CPU.ActiveCfg = Release|Any CPU
		{2ED1929C-ED97-4CD2-B49E-C208E9BFBC0C}.Release|Any CPU.Build.0 = Release|Any CPU
		{D7900801-A762-4878-ADC2-077C4816DDA2}.Debug|Any CPU.ActiveCfg = Debug|Any CPU
		{D7900801-A762-4878-ADC2-077C4816DDA2}.Debug|Any CPU.Build.0 = Debug|Any CPU
		{D7900801-A762-4878-ADC2-077C4816DDA2}.Release|Any CPU.ActiveCfg = Release|Any CPU
		{D7900801-A762-4878-ADC2-077C4816DDA2}.Release|Any CPU.Build.0 = Release|Any CPU
		{835441CD-5170-4E57-987E-7EA097B772DF}.Debug|Any CPU.ActiveCfg = Debug|Any CPU
		{835441CD-5170-4E57-987E-7EA097B772DF}.Debug|Any CPU.Build.0 = Debug|Any CPU
		{835441CD-5170-4E57-987E-7EA097B772DF}.Release|Any CPU.ActiveCfg = Release|Any CPU
		{835441CD-5170-4E57-987E-7EA097B772DF}.Release|Any CPU.Build.0 = Release|Any CPU
		{F87A69A9-69E2-4831-810B-4C96868584A4}.Debug|Any CPU.ActiveCfg = Debug|Any CPU
		{F87A69A9-69E2-4831-810B-4C96868584A4}.Debug|Any CPU.Build.0 = Debug|Any CPU
		{F87A69A9-69E2-4831-810B-4C96868584A4}.Release|Any CPU.ActiveCfg = Release|Any CPU
		{F87A69A9-69E2-4831-810B-4C96868584A4}.Release|Any CPU.Build.0 = Release|Any CPU
		{36D7F92E-98C2-4920-B55B-2B680F45F3CF}.Debug|Any CPU.ActiveCfg = Debug|Any CPU
		{36D7F92E-98C2-4920-B55B-2B680F45F3CF}.Debug|Any CPU.Build.0 = Debug|Any CPU
		{36D7F92E-98C2-4920-B55B-2B680F45F3CF}.Release|Any CPU.ActiveCfg = Release|Any CPU
		{36D7F92E-98C2-4920-B55B-2B680F45F3CF}.Release|Any CPU.Build.0 = Release|Any CPU
		{38CD42BD-9347-44DC-B36B-1BDA5EE0A81A}.Debug|Any CPU.ActiveCfg = Debug|Any CPU
		{38CD42BD-9347-44DC-B36B-1BDA5EE0A81A}.Debug|Any CPU.Build.0 = Debug|Any CPU
		{38CD42BD-9347-44DC-B36B-1BDA5EE0A81A}.Release|Any CPU.ActiveCfg = Release|Any CPU
		{38CD42BD-9347-44DC-B36B-1BDA5EE0A81A}.Release|Any CPU.Build.0 = Release|Any CPU
		{AD8FF91A-691D-4C07-BB1A-0F00D5D97F7B}.Debug|Any CPU.ActiveCfg = Debug|Any CPU
		{AD8FF91A-691D-4C07-BB1A-0F00D5D97F7B}.Debug|Any CPU.Build.0 = Debug|Any CPU
		{AD8FF91A-691D-4C07-BB1A-0F00D5D97F7B}.Release|Any CPU.ActiveCfg = Release|Any CPU
		{AD8FF91A-691D-4C07-BB1A-0F00D5D97F7B}.Release|Any CPU.Build.0 = Release|Any CPU
		{0CF1AAE0-CE38-4B12-9C6A-107A2513C102}.Debug|Any CPU.ActiveCfg = Debug|Any CPU
		{0CF1AAE0-CE38-4B12-9C6A-107A2513C102}.Debug|Any CPU.Build.0 = Debug|Any CPU
		{0CF1AAE0-CE38-4B12-9C6A-107A2513C102}.Release|Any CPU.ActiveCfg = Release|Any CPU
		{0CF1AAE0-CE38-4B12-9C6A-107A2513C102}.Release|Any CPU.Build.0 = Release|Any CPU
		{8F518D0E-9027-4DE7-AB7C-49FE2977264A}.Debug|Any CPU.ActiveCfg = Debug|Any CPU
		{8F518D0E-9027-4DE7-AB7C-49FE2977264A}.Debug|Any CPU.Build.0 = Debug|Any CPU
		{8F518D0E-9027-4DE7-AB7C-49FE2977264A}.Release|Any CPU.ActiveCfg = Release|Any CPU
		{8F518D0E-9027-4DE7-AB7C-49FE2977264A}.Release|Any CPU.Build.0 = Release|Any CPU
	EndGlobalSection
	GlobalSection(SolutionProperties) = preSolution
		HideSolutionNode = FALSE
	EndGlobalSection
	GlobalSection(ExtensibilityGlobals) = postSolution
		SolutionGuid = {4455496F-B1F3-42B8-8645-E9593109B583}
	EndGlobalSection
EndGlobal
