
Microsoft Visual Studio Solution File, Format Version 12.00
# Visual Studio Version 16
VisualStudioVersion = 16.0.31005.135
MinimumVisualStudioVersion = 10.0.40219.1
Project("{FAE04EC0-301F-11D3-BF4B-00C04F79EFBC}") = "Day1Basics", "Day1Basics\Day1Basics.csproj", "{31CF812B-DC1B-487C-9037-86642899FBEF}"
EndProject
Project("{FAE04EC0-301F-11D3-BF4B-00C04F79EFBC}") = "Day1Forloop", "Day1Forloop\Day1Forloop.csproj", "{C7CB29A9-6C27-453E-9799-5AA07F740E19}"
EndProject
Project("{FAE04EC0-301F-11D3-BF4B-00C04F79EFBC}") = "Day2ArraysDemo", "Day2ArraysDemo\Day2ArraysDemo.csproj", "{451D7831-093C-4CB1-9A0E-CFAC193D03B8}"
EndProject
Project("{FAE04EC0-301F-11D3-BF4B-00C04F79EFBC}") = "Day2Enum", "Day2Enum\Day2Enum.csproj", "{37E1D974-4D1C-4068-B831-DF9EF74D9F0A}"
EndProject
Project("{FAE04EC0-301F-11D3-BF4B-00C04F79EFBC}") = "Day2Struct", "Day2Struct\Day2Struct.csproj", "{18C986E1-9B3E-4647-A225-9201B408A526}"
EndProject
Project("{FAE04EC0-301F-11D3-BF4B-00C04F79EFBC}") = "CalculatorLib", "CalculatorLib\CalculatorLib.csproj", "{086CDE44-F998-4949-B8B7-428780E854B6}"
EndProject
Project("{FAE04EC0-301F-11D3-BF4B-00C04F79EFBC}") = "ClassLibrary1", "ClassLibrary1\ClassLibrary1.csproj", "{767672C5-3270-44BB-AB77-151CD064C3B0}"
EndProject
Project("{FAE04EC0-301F-11D3-BF4B-00C04F79EFBC}") = "CustomerLib", "CustomerLib\CustomerLib.csproj", "{B7D1D875-E67B-40C2-B02A-DFB978043A91}"
EndProject
Project("{FAE04EC0-301F-11D3-BF4B-00C04F79EFBC}") = "Day3OutAndRef", "Day3OutAndRef\Day3OutAndRef.csproj", "{E9F641DD-CC88-4017-9158-C3B76A0B469B}"
EndProject
Project("{FAE04EC0-301F-11D3-BF4B-00C04F79EFBC}") = "Day3ConstAndReadonly", "Day3ConstAndReadonly\Day3ConstAndReadonly.csproj", "{96B4BDD4-FC5D-454B-AAB0-E3B8FBCC5639}"
EndProject
Project("{FAE04EC0-301F-11D3-BF4B-00C04F79EFBC}") = "Day3Static", "Day3Static\Day3Static.csproj", "{E27078D7-451E-4650-AB1C-4AEC7643679B}"
EndProject
Project("{FAE04EC0-301F-11D3-BF4B-00C04F79EFBC}") = "Day3OOPBasic", "Day3OOPBasic\Day3OOPBasic.csproj", "{56C67997-0B5F-407C-AC3F-BCA334638A0A}"
EndProject
Project("{FAE04EC0-301F-11D3-BF4B-00C04F79EFBC}") = "Day4Constructor", "Day4Constructor\Day4Constructor.csproj", "{39A95B05-58E2-472A-B390-BFAF93FB4626}"
EndProject
Project("{FAE04EC0-301F-11D3-BF4B-00C04F79EFBC}") = "Day4Inheritance", "Day4Inheritance\Day4Inheritance.csproj", "{C7E66829-A48A-4D43-A251-1E812F7382F3}"
EndProject
Project("{FAE04EC0-301F-11D3-BF4B-00C04F79EFBC}") = "Day4InheritanceDemo2", "Day4InheritanceDemo2\Day4InheritanceDemo2.csproj", "{7366609A-0E25-4CB3-A5C3-D2C979EF4F70}"
EndProject
Project("{FAE04EC0-301F-11D3-BF4B-00C04F79EFBC}") = "Day4Polymorphism", "Day4Polymorphism\Day4Polymorphism.csproj", "{D9A9DAB0-CC7E-49D8-98E1-6C2F58650703}"
EndProject
Project("{FAE04EC0-301F-11D3-BF4B-00C04F79EFBC}") = "Day4Polymorphism2", "Day4Polymorphism2\Day4Polymorphism2.csproj", "{5154EEC9-2A7A-43AB-9362-F8EC89EFE865}"
EndProject
Project("{FAE04EC0-301F-11D3-BF4B-00C04F79EFBC}") = "Day4Abstract", "Day4Abstract\Day4Abstract.csproj", "{3D7BE33C-1F58-42FE-B93A-30C7B3255A20}"
EndProject
Project("{FAE04EC0-301F-11D3-BF4B-00C04F79EFBC}") = "Day5Properties", "Day5Properties\Day5Properties.csproj", "{6DFCED01-B056-46CD-8A6D-034EC85FAE38}"
EndProject
Project("{FAE04EC0-301F-11D3-BF4B-00C04F79EFBC}") = "Day5Indexers", "Day5Indexers\Day5Indexers.csproj", "{B5A8352B-59D3-4304-87FA-6CA99A3226BE}"
EndProject
Project("{FAE04EC0-301F-11D3-BF4B-00C04F79EFBC}") = "Day5NMSPDemo", "Day5NMSPDemo\Day5NMSPDemo.csproj", "{FC0FBFCD-E770-4F02-8795-F4356858F547}"
EndProject
Project("{FAE04EC0-301F-11D3-BF4B-00C04F79EFBC}") = "Day5ArrayList", "Day5ArrayList\Day5ArrayList.csproj", "{C70684FF-F5F0-40D8-9035-E83D6E8A93EA}"
EndProject
Project("{FAE04EC0-301F-11D3-BF4B-00C04F79EFBC}") = "Day5Generics", "Day5Generics\Day5Generics.csproj", "{980B745F-D18C-4A3E-BEDC-75821E2A6052}"
EndProject
Project("{FAE04EC0-301F-11D3-BF4B-00C04F79EFBC}") = "GlobalAssemblyLib", "GlobalAssemblyLib\GlobalAssemblyLib.csproj", "{3A16AC12-AA92-442D-AA52-05BDDED6C5C2}"
EndProject
Project("{FAE04EC0-301F-11D3-BF4B-00C04F79EFBC}") = "CallingGACAssemblyApp", "CallingGACAssemblyApp\CallingGACAssemblyApp.csproj", "{4BC7183C-DD33-49E1-BB3D-22631D991300}"
EndProject
Project("{FAE04EC0-301F-11D3-BF4B-00C04F79EFBC}") = "Day6Debugging", "Day6Debugging\Day6Debugging.csproj", "{D3E04169-8CE0-4C60-A644-2604C7D30606}"
EndProject
Project("{FAE04EC0-301F-11D3-BF4B-00C04F79EFBC}") = "Day6", "Day6\Day6.csproj", "{0CEDE277-8F23-4782-8FAF-5D8B17ACE78E}"
EndProject
Project("{FAE04EC0-301F-11D3-BF4B-00C04F79EFBC}") = "Day6CustomExceptionDemo", "Day6CustomExceptionDemo\Day6CustomExceptionDemo.csproj", "{3809DBF1-4400-4967-92DD-AC9375D233F6}"
EndProject
Project("{FAE04EC0-301F-11D3-BF4B-00C04F79EFBC}") = "Day7FileOperation", "Day7FileOperation\Day7FileOperation.csproj", "{8D9A027E-DF33-49DB-A074-49AE91810CEE}"
EndProject
Project("{FAE04EC0-301F-11D3-BF4B-00C04F79EFBC}") = "Day7Delegates", "Day7Delegates\Day7Delegates.csproj", "{55EA2068-55C6-482F-B1A6-C3501208EA42}"
EndProject
Project("{FAE04EC0-301F-11D3-BF4B-00C04F79EFBC}") = "Day7CallbackDelegateDemo", "Day7CallbackDelegateDemo\Day7CallbackDelegateDemo.csproj", "{7FACE06B-69BE-4EA1-A4E8-2FD81F2FCB4A}"
EndProject
Project("{FAE04EC0-301F-11D3-BF4B-00C04F79EFBC}") = "Day8CollectionDemo2", "Day8CollectionDemo2\Day8CollectionDemo2.csproj", "{0660C491-2EEB-4721-ABBA-956F85E6254B}"
EndProject
Project("{FAE04EC0-301F-11D3-BF4B-00C04F79EFBC}") = "Day8RegularExpression", "Day8RegularExpression\Day8RegularExpression.csproj", "{3E21333E-D854-4F81-8A24-0BE7C21C7FCA}"
EndProject
Project("{FAE04EC0-301F-11D3-BF4B-00C04F79EFBC}") = "Day8ThreadDemo", "Day8ThreadDemo\Day8ThreadDemo.csproj", "{96F9ECEC-75FF-4244-AFC3-8CD20571E115}"
EndProject
Project("{FAE04EC0-301F-11D3-BF4B-00C04F79EFBC}") = "Day8ThreadCycle", "Day8ThreadCycle\Day8ThreadCycle.csproj", "{A01DE93E-BC47-4B6D-8C08-4D958B964591}"
EndProject
Global
	GlobalSection(SolutionConfigurationPlatforms) = preSolution
		Debug|Any CPU = Debug|Any CPU
		Release|Any CPU = Release|Any CPU
	EndGlobalSection
	GlobalSection(ProjectConfigurationPlatforms) = postSolution
		{31CF812B-DC1B-487C-9037-86642899FBEF}.Debug|Any CPU.ActiveCfg = Debug|Any CPU
		{31CF812B-DC1B-487C-9037-86642899FBEF}.Debug|Any CPU.Build.0 = Debug|Any CPU
		{31CF812B-DC1B-487C-9037-86642899FBEF}.Release|Any CPU.ActiveCfg = Release|Any CPU
		{31CF812B-DC1B-487C-9037-86642899FBEF}.Release|Any CPU.Build.0 = Release|Any CPU
		{C7CB29A9-6C27-453E-9799-5AA07F740E19}.Debug|Any CPU.ActiveCfg = Debug|Any CPU
		{C7CB29A9-6C27-453E-9799-5AA07F740E19}.Debug|Any CPU.Build.0 = Debug|Any CPU
		{C7CB29A9-6C27-453E-9799-5AA07F740E19}.Release|Any CPU.ActiveCfg = Release|Any CPU
		{C7CB29A9-6C27-453E-9799-5AA07F740E19}.Release|Any CPU.Build.0 = Release|Any CPU
		{451D7831-093C-4CB1-9A0E-CFAC193D03B8}.Debug|Any CPU.ActiveCfg = Debug|Any CPU
		{451D7831-093C-4CB1-9A0E-CFAC193D03B8}.Debug|Any CPU.Build.0 = Debug|Any CPU
		{451D7831-093C-4CB1-9A0E-CFAC193D03B8}.Release|Any CPU.ActiveCfg = Release|Any CPU
		{451D7831-093C-4CB1-9A0E-CFAC193D03B8}.Release|Any CPU.Build.0 = Release|Any CPU
		{37E1D974-4D1C-4068-B831-DF9EF74D9F0A}.Debug|Any CPU.ActiveCfg = Debug|Any CPU
		{37E1D974-4D1C-4068-B831-DF9EF74D9F0A}.Debug|Any CPU.Build.0 = Debug|Any CPU
		{37E1D974-4D1C-4068-B831-DF9EF74D9F0A}.Release|Any CPU.ActiveCfg = Release|Any CPU
		{37E1D974-4D1C-4068-B831-DF9EF74D9F0A}.Release|Any CPU.Build.0 = Release|Any CPU
		{18C986E1-9B3E-4647-A225-9201B408A526}.Debug|Any CPU.ActiveCfg = Debug|Any CPU
		{18C986E1-9B3E-4647-A225-9201B408A526}.Debug|Any CPU.Build.0 = Debug|Any CPU
		{18C986E1-9B3E-4647-A225-9201B408A526}.Release|Any CPU.ActiveCfg = Release|Any CPU
		{18C986E1-9B3E-4647-A225-9201B408A526}.Release|Any CPU.Build.0 = Release|Any CPU
		{086CDE44-F998-4949-B8B7-428780E854B6}.Debug|Any CPU.ActiveCfg = Debug|Any CPU
		{086CDE44-F998-4949-B8B7-428780E854B6}.Debug|Any CPU.Build.0 = Debug|Any CPU
		{086CDE44-F998-4949-B8B7-428780E854B6}.Release|Any CPU.ActiveCfg = Release|Any CPU
		{086CDE44-F998-4949-B8B7-428780E854B6}.Release|Any CPU.Build.0 = Release|Any CPU
		{767672C5-3270-44BB-AB77-151CD064C3B0}.Debug|Any CPU.ActiveCfg = Debug|Any CPU
		{767672C5-3270-44BB-AB77-151CD064C3B0}.Debug|Any CPU.Build.0 = Debug|Any CPU
		{767672C5-3270-44BB-AB77-151CD064C3B0}.Release|Any CPU.ActiveCfg = Release|Any CPU
		{767672C5-3270-44BB-AB77-151CD064C3B0}.Release|Any CPU.Build.0 = Release|Any CPU
		{B7D1D875-E67B-40C2-B02A-DFB978043A91}.Debug|Any CPU.ActiveCfg = Debug|Any CPU
		{B7D1D875-E67B-40C2-B02A-DFB978043A91}.Debug|Any CPU.Build.0 = Debug|Any CPU
		{B7D1D875-E67B-40C2-B02A-DFB978043A91}.Release|Any CPU.ActiveCfg = Release|Any CPU
		{B7D1D875-E67B-40C2-B02A-DFB978043A91}.Release|Any CPU.Build.0 = Release|Any CPU
		{E9F641DD-CC88-4017-9158-C3B76A0B469B}.Debug|Any CPU.ActiveCfg = Debug|Any CPU
		{E9F641DD-CC88-4017-9158-C3B76A0B469B}.Debug|Any CPU.Build.0 = Debug|Any CPU
		{E9F641DD-CC88-4017-9158-C3B76A0B469B}.Release|Any CPU.ActiveCfg = Release|Any CPU
		{E9F641DD-CC88-4017-9158-C3B76A0B469B}.Release|Any CPU.Build.0 = Release|Any CPU
		{96B4BDD4-FC5D-454B-AAB0-E3B8FBCC5639}.Debug|Any CPU.ActiveCfg = Debug|Any CPU
		{96B4BDD4-FC5D-454B-AAB0-E3B8FBCC5639}.Debug|Any CPU.Build.0 = Debug|Any CPU
		{96B4BDD4-FC5D-454B-AAB0-E3B8FBCC5639}.Release|Any CPU.ActiveCfg = Release|Any CPU
		{96B4BDD4-FC5D-454B-AAB0-E3B8FBCC5639}.Release|Any CPU.Build.0 = Release|Any CPU
		{E27078D7-451E-4650-AB1C-4AEC7643679B}.Debug|Any CPU.ActiveCfg = Debug|Any CPU
		{E27078D7-451E-4650-AB1C-4AEC7643679B}.Debug|Any CPU.Build.0 = Debug|Any CPU
		{E27078D7-451E-4650-AB1C-4AEC7643679B}.Release|Any CPU.ActiveCfg = Release|Any CPU
		{E27078D7-451E-4650-AB1C-4AEC7643679B}.Release|Any CPU.Build.0 = Release|Any CPU
		{56C67997-0B5F-407C-AC3F-BCA334638A0A}.Debug|Any CPU.ActiveCfg = Debug|Any CPU
		{56C67997-0B5F-407C-AC3F-BCA334638A0A}.Debug|Any CPU.Build.0 = Debug|Any CPU
		{56C67997-0B5F-407C-AC3F-BCA334638A0A}.Release|Any CPU.ActiveCfg = Release|Any CPU
		{56C67997-0B5F-407C-AC3F-BCA334638A0A}.Release|Any CPU.Build.0 = Release|Any CPU
		{39A95B05-58E2-472A-B390-BFAF93FB4626}.Debug|Any CPU.ActiveCfg = Debug|Any CPU
		{39A95B05-58E2-472A-B390-BFAF93FB4626}.Debug|Any CPU.Build.0 = Debug|Any CPU
		{39A95B05-58E2-472A-B390-BFAF93FB4626}.Release|Any CPU.ActiveCfg = Release|Any CPU
		{39A95B05-58E2-472A-B390-BFAF93FB4626}.Release|Any CPU.Build.0 = Release|Any CPU
		{C7E66829-A48A-4D43-A251-1E812F7382F3}.Debug|Any CPU.ActiveCfg = Debug|Any CPU
		{C7E66829-A48A-4D43-A251-1E812F7382F3}.Debug|Any CPU.Build.0 = Debug|Any CPU
		{C7E66829-A48A-4D43-A251-1E812F7382F3}.Release|Any CPU.ActiveCfg = Release|Any CPU
		{C7E66829-A48A-4D43-A251-1E812F7382F3}.Release|Any CPU.Build.0 = Release|Any CPU
		{7366609A-0E25-4CB3-A5C3-D2C979EF4F70}.Debug|Any CPU.ActiveCfg = Debug|Any CPU
		{7366609A-0E25-4CB3-A5C3-D2C979EF4F70}.Debug|Any CPU.Build.0 = Debug|Any CPU
		{7366609A-0E25-4CB3-A5C3-D2C979EF4F70}.Release|Any CPU.ActiveCfg = Release|Any CPU
		{7366609A-0E25-4CB3-A5C3-D2C979EF4F70}.Release|Any CPU.Build.0 = Release|Any CPU
		{D9A9DAB0-CC7E-49D8-98E1-6C2F58650703}.Debug|Any CPU.ActiveCfg = Debug|Any CPU
		{D9A9DAB0-CC7E-49D8-98E1-6C2F58650703}.Debug|Any CPU.Build.0 = Debug|Any CPU
		{D9A9DAB0-CC7E-49D8-98E1-6C2F58650703}.Release|Any CPU.ActiveCfg = Release|Any CPU
		{D9A9DAB0-CC7E-49D8-98E1-6C2F58650703}.Release|Any CPU.Build.0 = Release|Any CPU
		{5154EEC9-2A7A-43AB-9362-F8EC89EFE865}.Debug|Any CPU.ActiveCfg = Debug|Any CPU
		{5154EEC9-2A7A-43AB-9362-F8EC89EFE865}.Debug|Any CPU.Build.0 = Debug|Any CPU
		{5154EEC9-2A7A-43AB-9362-F8EC89EFE865}.Release|Any CPU.ActiveCfg = Release|Any CPU
		{5154EEC9-2A7A-43AB-9362-F8EC89EFE865}.Release|Any CPU.Build.0 = Release|Any CPU
		{3D7BE33C-1F58-42FE-B93A-30C7B3255A20}.Debug|Any CPU.ActiveCfg = Debug|Any CPU
		{3D7BE33C-1F58-42FE-B93A-30C7B3255A20}.Debug|Any CPU.Build.0 = Debug|Any CPU
		{3D7BE33C-1F58-42FE-B93A-30C7B3255A20}.Release|Any CPU.ActiveCfg = Release|Any CPU
		{3D7BE33C-1F58-42FE-B93A-30C7B3255A20}.Release|Any CPU.Build.0 = Release|Any CPU
		{6DFCED01-B056-46CD-8A6D-034EC85FAE38}.Debug|Any CPU.ActiveCfg = Debug|Any CPU
		{6DFCED01-B056-46CD-8A6D-034EC85FAE38}.Debug|Any CPU.Build.0 = Debug|Any CPU
		{6DFCED01-B056-46CD-8A6D-034EC85FAE38}.Release|Any CPU.ActiveCfg = Release|Any CPU
		{6DFCED01-B056-46CD-8A6D-034EC85FAE38}.Release|Any CPU.Build.0 = Release|Any CPU
		{B5A8352B-59D3-4304-87FA-6CA99A3226BE}.Debug|Any CPU.ActiveCfg = Debug|Any CPU
		{B5A8352B-59D3-4304-87FA-6CA99A3226BE}.Debug|Any CPU.Build.0 = Debug|Any CPU
		{B5A8352B-59D3-4304-87FA-6CA99A3226BE}.Release|Any CPU.ActiveCfg = Release|Any CPU
		{B5A8352B-59D3-4304-87FA-6CA99A3226BE}.Release|Any CPU.Build.0 = Release|Any CPU
		{FC0FBFCD-E770-4F02-8795-F4356858F547}.Debug|Any CPU.ActiveCfg = Debug|Any CPU
		{FC0FBFCD-E770-4F02-8795-F4356858F547}.Debug|Any CPU.Build.0 = Debug|Any CPU
		{FC0FBFCD-E770-4F02-8795-F4356858F547}.Release|Any CPU.ActiveCfg = Release|Any CPU
		{FC0FBFCD-E770-4F02-8795-F4356858F547}.Release|Any CPU.Build.0 = Release|Any CPU
		{C70684FF-F5F0-40D8-9035-E83D6E8A93EA}.Debug|Any CPU.ActiveCfg = Debug|Any CPU
		{C70684FF-F5F0-40D8-9035-E83D6E8A93EA}.Debug|Any CPU.Build.0 = Debug|Any CPU
		{C70684FF-F5F0-40D8-9035-E83D6E8A93EA}.Release|Any CPU.ActiveCfg = Release|Any CPU
		{C70684FF-F5F0-40D8-9035-E83D6E8A93EA}.Release|Any CPU.Build.0 = Release|Any CPU
		{980B745F-D18C-4A3E-BEDC-75821E2A6052}.Debug|Any CPU.ActiveCfg = Debug|Any CPU
		{980B745F-D18C-4A3E-BEDC-75821E2A6052}.Debug|Any CPU.Build.0 = Debug|Any CPU
		{980B745F-D18C-4A3E-BEDC-75821E2A6052}.Release|Any CPU.ActiveCfg = Release|Any CPU
		{980B745F-D18C-4A3E-BEDC-75821E2A6052}.Release|Any CPU.Build.0 = Release|Any CPU
		{3A16AC12-AA92-442D-AA52-05BDDED6C5C2}.Debug|Any CPU.ActiveCfg = Debug|Any CPU
		{3A16AC12-AA92-442D-AA52-05BDDED6C5C2}.Debug|Any CPU.Build.0 = Debug|Any CPU
		{3A16AC12-AA92-442D-AA52-05BDDED6C5C2}.Release|Any CPU.ActiveCfg = Release|Any CPU
		{3A16AC12-AA92-442D-AA52-05BDDED6C5C2}.Release|Any CPU.Build.0 = Release|Any CPU
		{4BC7183C-DD33-49E1-BB3D-22631D991300}.Debug|Any CPU.ActiveCfg = Debug|Any CPU
		{4BC7183C-DD33-49E1-BB3D-22631D991300}.Debug|Any CPU.Build.0 = Debug|Any CPU
		{4BC7183C-DD33-49E1-BB3D-22631D991300}.Release|Any CPU.ActiveCfg = Release|Any CPU
		{4BC7183C-DD33-49E1-BB3D-22631D991300}.Release|Any CPU.Build.0 = Release|Any CPU
		{D3E04169-8CE0-4C60-A644-2604C7D30606}.Debug|Any CPU.ActiveCfg = Debug|Any CPU
		{D3E04169-8CE0-4C60-A644-2604C7D30606}.Debug|Any CPU.Build.0 = Debug|Any CPU
		{D3E04169-8CE0-4C60-A644-2604C7D30606}.Release|Any CPU.ActiveCfg = Release|Any CPU
		{D3E04169-8CE0-4C60-A644-2604C7D30606}.Release|Any CPU.Build.0 = Release|Any CPU
		{0CEDE277-8F23-4782-8FAF-5D8B17ACE78E}.Debug|Any CPU.ActiveCfg = Debug|Any CPU
		{0CEDE277-8F23-4782-8FAF-5D8B17ACE78E}.Debug|Any CPU.Build.0 = Debug|Any CPU
		{0CEDE277-8F23-4782-8FAF-5D8B17ACE78E}.Release|Any CPU.ActiveCfg = Release|Any CPU
		{0CEDE277-8F23-4782-8FAF-5D8B17ACE78E}.Release|Any CPU.Build.0 = Release|Any CPU
		{3809DBF1-4400-4967-92DD-AC9375D233F6}.Debug|Any CPU.ActiveCfg = Debug|Any CPU
		{3809DBF1-4400-4967-92DD-AC9375D233F6}.Debug|Any CPU.Build.0 = Debug|Any CPU
		{3809DBF1-4400-4967-92DD-AC9375D233F6}.Release|Any CPU.ActiveCfg = Release|Any CPU
		{3809DBF1-4400-4967-92DD-AC9375D233F6}.Release|Any CPU.Build.0 = Release|Any CPU
		{8D9A027E-DF33-49DB-A074-49AE91810CEE}.Debug|Any CPU.ActiveCfg = Debug|Any CPU
		{8D9A027E-DF33-49DB-A074-49AE91810CEE}.Debug|Any CPU.Build.0 = Debug|Any CPU
		{8D9A027E-DF33-49DB-A074-49AE91810CEE}.Release|Any CPU.ActiveCfg = Release|Any CPU
		{8D9A027E-DF33-49DB-A074-49AE91810CEE}.Release|Any CPU.Build.0 = Release|Any CPU
		{55EA2068-55C6-482F-B1A6-C3501208EA42}.Debug|Any CPU.ActiveCfg = Debug|Any CPU
		{55EA2068-55C6-482F-B1A6-C3501208EA42}.Debug|Any CPU.Build.0 = Debug|Any CPU
		{55EA2068-55C6-482F-B1A6-C3501208EA42}.Release|Any CPU.ActiveCfg = Release|Any CPU
		{55EA2068-55C6-482F-B1A6-C3501208EA42}.Release|Any CPU.Build.0 = Release|Any CPU
		{7FACE06B-69BE-4EA1-A4E8-2FD81F2FCB4A}.Debug|Any CPU.ActiveCfg = Debug|Any CPU
		{7FACE06B-69BE-4EA1-A4E8-2FD81F2FCB4A}.Debug|Any CPU.Build.0 = Debug|Any CPU
		{7FACE06B-69BE-4EA1-A4E8-2FD81F2FCB4A}.Release|Any CPU.ActiveCfg = Release|Any CPU
		{7FACE06B-69BE-4EA1-A4E8-2FD81F2FCB4A}.Release|Any CPU.Build.0 = Release|Any CPU
		{0660C491-2EEB-4721-ABBA-956F85E6254B}.Debug|Any CPU.ActiveCfg = Debug|Any CPU
		{0660C491-2EEB-4721-ABBA-956F85E6254B}.Debug|Any CPU.Build.0 = Debug|Any CPU
		{0660C491-2EEB-4721-ABBA-956F85E6254B}.Release|Any CPU.ActiveCfg = Release|Any CPU
		{0660C491-2EEB-4721-ABBA-956F85E6254B}.Release|Any CPU.Build.0 = Release|Any CPU
		{3E21333E-D854-4F81-8A24-0BE7C21C7FCA}.Debug|Any CPU.ActiveCfg = Debug|Any CPU
		{3E21333E-D854-4F81-8A24-0BE7C21C7FCA}.Debug|Any CPU.Build.0 = Debug|Any CPU
		{3E21333E-D854-4F81-8A24-0BE7C21C7FCA}.Release|Any CPU.ActiveCfg = Release|Any CPU
		{3E21333E-D854-4F81-8A24-0BE7C21C7FCA}.Release|Any CPU.Build.0 = Release|Any CPU
		{96F9ECEC-75FF-4244-AFC3-8CD20571E115}.Debug|Any CPU.ActiveCfg = Debug|Any CPU
		{96F9ECEC-75FF-4244-AFC3-8CD20571E115}.Debug|Any CPU.Build.0 = Debug|Any CPU
		{96F9ECEC-75FF-4244-AFC3-8CD20571E115}.Release|Any CPU.ActiveCfg = Release|Any CPU
		{96F9ECEC-75FF-4244-AFC3-8CD20571E115}.Release|Any CPU.Build.0 = Release|Any CPU
		{A01DE93E-BC47-4B6D-8C08-4D958B964591}.Debug|Any CPU.ActiveCfg = Debug|Any CPU
		{A01DE93E-BC47-4B6D-8C08-4D958B964591}.Debug|Any CPU.Build.0 = Debug|Any CPU
		{A01DE93E-BC47-4B6D-8C08-4D958B964591}.Release|Any CPU.ActiveCfg = Release|Any CPU
		{A01DE93E-BC47-4B6D-8C08-4D958B964591}.Release|Any CPU.Build.0 = Release|Any CPU
	EndGlobalSection
	GlobalSection(SolutionProperties) = preSolution
		HideSolutionNode = FALSE
	EndGlobalSection
	GlobalSection(ExtensibilityGlobals) = postSolution
		SolutionGuid = {C49417C9-6152-47A6-862F-99B9B69FCEE4}
	EndGlobalSection
EndGlobal
